
Microsoft Visual Studio Solution File, Format Version 12.00
# Visual Studio Version 17
VisualStudioVersion = 17.2.32526.322
MinimumVisualStudioVersion = 10.0.40219.1
Project("{8BC9CEB8-8B4A-11D0-8D11-00A0C91BC942}") = "Painter", "Proj22\Proj22.vcxproj", "{1951FC0F-9E16-4358-9726-939D835BCD71}"
EndProject
Project("{8BC9CEB8-8B4A-11D0-8D11-00A0C91BC942}") = "MyMFC", "MyMFC\MyMFC.vcxproj", "{A2C345F7-9941-4834-A135-C2A1B1FF7F00}"
EndProject
Project("{8BC9CEB8-8B4A-11D0-8D11-00A0C91BC942}") = "Calculator", "Calculator\Calculator.vcxproj", "{E6F69432-737C-49F1-B3C0-69393013475C}"
EndProject
Global
	GlobalSection(SolutionConfigurationPlatforms) = preSolution
		Debug|x64 = Debug|x64
		Debug|x86 = Debug|x86
		Release|x64 = Release|x64
		Release|x86 = Release|x86
	EndGlobalSection
	GlobalSection(ProjectConfigurationPlatforms) = postSolution
		{1951FC0F-9E16-4358-9726-939D835BCD71}.Debug|x64.ActiveCfg = Debug|x64
		{1951FC0F-9E16-4358-9726-939D835BCD71}.Debug|x64.Build.0 = Debug|x64
		{1951FC0F-9E16-4358-9726-939D835BCD71}.Debug|x86.ActiveCfg = Debug|Win32
		{1951FC0F-9E16-4358-9726-939D835BCD71}.Debug|x86.Build.0 = Debug|Win32
		{1951FC0F-9E16-4358-9726-939D835BCD71}.Release|x64.ActiveCfg = Release|x64
		{1951FC0F-9E16-4358-9726-939D835BCD71}.Release|x64.Build.0 = Release|x64
		{1951FC0F-9E16-4358-9726-939D835BCD71}.Release|x86.ActiveCfg = Release|Win32
		{1951FC0F-9E16-4358-9726-939D835BCD71}.Release|x86.Build.0 = Release|Win32
		{A2C345F7-9941-4834-A135-C2A1B1FF7F00}.Debug|x64.ActiveCfg = Debug|x64
		{A2C345F7-9941-4834-A135-C2A1B1FF7F00}.Debug|x64.Build.0 = Debug|x64
		{A2C345F7-9941-4834-A135-C2A1B1FF7F00}.Debug|x86.ActiveCfg = Debug|Win32
		{A2C345F7-9941-4834-A135-C2A1B1FF7F00}.Debug|x86.Build.0 = Debug|Win32
		{A2C345F7-9941-4834-A135-C2A1B1FF7F00}.Release|x64.ActiveCfg = Release|x64
		{A2C345F7-9941-4834-A135-C2A1B1FF7F00}.Release|x64.Build.0 = Release|x64
		{A2C345F7-9941-4834-A135-C2A1B1FF7F00}.Release|x86.ActiveCfg = Release|Win32
		{A2C345F7-9941-4834-A135-C2A1B1FF7F00}.Release|x86.Build.0 = Release|Win32
		{E6F69432-737C-49F1-B3C0-69393013475C}.Debug|x64.ActiveCfg = Debug|x64
		{E6F69432-737C-49F1-B3C0-69393013475C}.Debug|x64.Build.0 = Debug|x64
		{E6F69432-737C-49F1-B3C0-69393013475C}.Debug|x86.ActiveCfg = Debug|Win32
		{E6F69432-737C-49F1-B3C0-69393013475C}.Debug|x86.Build.0 = Debug|Win32
		{E6F69432-737C-49F1-B3C0-69393013475C}.Release|x64.ActiveCfg = Release|x64
		{E6F69432-737C-49F1-B3C0-69393013475C}.Release|x64.Build.0 = Release|x64
		{E6F69432-737C-49F1-B3C0-69393013475C}.Release|x86.ActiveCfg = Release|Win32
		{E6F69432-737C-49F1-B3C0-69393013475C}.Release|x86.Build.0 = Release|Win32
	EndGlobalSection
	GlobalSection(SolutionProperties) = preSolution
		HideSolutionNode = FALSE
	EndGlobalSection
	GlobalSection(ExtensibilityGlobals) = postSolution
		SolutionGuid = {51D20991-8964-4257-92CE-F9D80EA50EB1}
	EndGlobalSection
EndGlobal
